<Solution>
  <Folder Name="/.files/">
    <File Path=".github/workflows/main.yml" />
    <File Path="CLAUDE.md" />
    <File Path="Directory.Build.props" />
    <File Path="Directory.Packages.props" />
    <File Path="nuget.config" />
    <File Path="README.md" />
  </Folder>
  <Folder Name="/src/">
    <Project Path="src/Vicgital.Calendar.Application/Vicgital.Calendar.Application.csproj" />
    <Project Path="src/Vicgital.Calendar.Domain/Vicgital.Calendar.Domain.csproj" />
    <Project Path="src/Vicgital.Calendar.Infrastructure/Vicgital.Calendar.Infrastructure.csproj" />
    <Project Path="src/Vicgital.Calendar.Service.Definition/Vicgital.Calendar.Service.Definition.csproj" Id="aaa43517-59ba-4b1b-a9cf-abb6e987ebcb" />
    <Project Path="src/Vicgital.Calendar.Service/Vicgital.Calendar.Service.csproj" />
  </Folder>
  <Folder Name="/test/">
    <Project Path="test/Vicgital.Calendar.Domain.Tests/Vicgital.Calendar.Domain.Tests.csproj" />
  </Folder>
</Solution>
